
Microsoft Visual Studio Solution File, Format Version 12.00
# Visual Studio 15
VisualStudioVersion = 15.0.28307.106
MinimumVisualStudioVersion = 10.0.40219.1
Project("{FAE04EC0-301F-11D3-BF4B-00C04F79EFBC}") = "Geppetto", "Geppetto\Geppetto.csproj", "{50729FF4-8E0C-405B-91A0-1468FC43CE18}"
EndProject
Project("{FAE04EC0-301F-11D3-BF4B-00C04F79EFBC}") = "SpriteLibrary", "..\Projet C#\Geppetto\SpriteLibrary\SpriteLibrary.csproj", "{FC04405B-2BC1-42CA-8410-A30F9BAF4B6C}"
EndProject
Global
	GlobalSection(SolutionConfigurationPlatforms) = preSolution
		Debug|Any CPU = Debug|Any CPU
		Release|Any CPU = Release|Any CPU
	EndGlobalSection
	GlobalSection(ProjectConfigurationPlatforms) = postSolution
		{50729FF4-8E0C-405B-91A0-1468FC43CE18}.Debug|Any CPU.ActiveCfg = Debug|Any CPU
		{50729FF4-8E0C-405B-91A0-1468FC43CE18}.Debug|Any CPU.Build.0 = Debug|Any CPU
		{50729FF4-8E0C-405B-91A0-1468FC43CE18}.Release|Any CPU.ActiveCfg = Release|Any CPU
		{50729FF4-8E0C-405B-91A0-1468FC43CE18}.Release|Any CPU.Build.0 = Release|Any CPU
		{FC04405B-2BC1-42CA-8410-A30F9BAF4B6C}.Debug|Any CPU.ActiveCfg = Debug|Any CPU
		{FC04405B-2BC1-42CA-8410-A30F9BAF4B6C}.Debug|Any CPU.Build.0 = Debug|Any CPU
		{FC04405B-2BC1-42CA-8410-A30F9BAF4B6C}.Release|Any CPU.ActiveCfg = Release|Any CPU
		{FC04405B-2BC1-42CA-8410-A30F9BAF4B6C}.Release|Any CPU.Build.0 = Release|Any CPU
	EndGlobalSection
	GlobalSection(SolutionProperties) = preSolution
		HideSolutionNode = FALSE
	EndGlobalSection
	GlobalSection(ExtensibilityGlobals) = postSolution
		SolutionGuid = {777FC763-51FE-4D8F-807C-C474E56144C5}
	EndGlobalSection
EndGlobal
